{
  "name": "tsc-error",
  "version": "0.1",
  "lockfileVersion": 1,
  "requires": true,
  "dependencies": {
    "typescript": {
      "version": "3.7.0-dev.20191018",
      "resolved": "https://registry.npmjs.org/typescript/-/typescript-3.7.0-dev.20191018.tgz",
      "integrity": "sha512-Z8KpsytbY5lBMp5cc08VFoO8CgHC6IcbgyiA5vjh7fitkoG0qcem9C354YuiWV4O2+i2gdC7vF8tNUYqO/vUkQ=="
    }
  }
}
